{
  "version": "5",
  "redirects": {
    "https://esm.sh/@supabase/supabase-js@2": "https://esm.sh/@supabase/supabase-js@2.98.0",
    "https://esm.sh/iceberg-js@^0.8.1?target=denonext": "https://esm.sh/iceberg-js@0.8.1?target=denonext",
    "https://esm.sh/parquet-wasm?bundle": "https://esm.sh/parquet-wasm@0.7.1?bundle"
  },
  "remote": {
    "https://cdn.jsdelivr.net/npm/h5wasm@0.10.1/dist/esm/hdf5_hl.js": "0e5c045ed56d28720e4e664d1672d3704ff3aadd776004d365ef2b9b2e3738ae",
    "https://cdn.jsdelivr.net/npm/h5wasm@0.10.1/dist/esm/hdf5_util.js": "acc4831bceac27c6d25c6ddf3083d03db457d061591111e07b51e99828c48277",
    "https://deno.land/std@0.224.0/assert/assert_exists.ts": "43420cf7f956748ae6ed1230646567b3593cb7a36c5a5327269279c870c5ddfd",
    "https://deno.land/std@0.224.0/assert/assertion_error.ts": "ba8752bd27ebc51f723702fac2f54d3e94447598f54264a6653d6413738a8917",
    "https://deno.land/std@0.224.0/async/delay.ts": "f90dd685b97c2f142b8069082993e437b1602b8e2561134827eeb7c12b95c499",
    "https://deno.land/std@0.224.0/dotenv/mod.ts": "0180eaeedaaf88647318811cdaa418cc64dc51fb08354f91f5f480d0a1309f7d",
    "https://deno.land/std@0.224.0/dotenv/parse.ts": "09977ff88dfd1f24f9973a338f0f91bbdb9307eb5ff6085446e7c423e4c7ba0c",
    "https://deno.land/std@0.224.0/dotenv/stringify.ts": "275da322c409170160440836342eaa7cf012a1d11a7e700d8ca4e7f2f8aa4615",
    "https://deno.land/std@0.224.0/flags/mod.ts": "88553267f34519c8982212185339efdb2d2e62c159ec558f47eb50c8952a6be3",
    "https://deno.land/std@0.224.0/http/server.ts": "f9313804bf6467a1704f45f76cb6cd0a3396a3b31c316035e6a4c2035d1ea514",
    "https://esm.sh/@supabase/auth-js@2.98.0/denonext/auth-js.mjs": "1f94c714fe31a7e859825f50bd5a4971458ca69a6477a543665b7d4d06dfe0b9",
    "https://esm.sh/@supabase/functions-js@2.98.0/denonext/functions-js.mjs": "65f1bc17c5af85234d9bfbc0f8a14c452b0d516d62dd23872662ec08adf91998",
    "https://esm.sh/@supabase/postgrest-js@2.98.0/denonext/postgrest-js.mjs": "188a13abc25b0f5890de4bd3c3f2211e287091cc0434cea290ee1c7d06827e4a",
    "https://esm.sh/@supabase/realtime-js@2.98.0/denonext/realtime-js.mjs": "c7490d09c983cfccf2f72c60bf8e6f45b9274650c27d3723b4a1c6386df201ce",
    "https://esm.sh/@supabase/storage-js@2.98.0/denonext/storage-js.mjs": "8d3b1e4c8777511f1d2c542130203d6a3a627d93461846f727a912ca79ecfdac",
    "https://esm.sh/@supabase/supabase-js@2.98.0": "7c91584aa8d7c3b272be04122a907e00a7028a20d0eaf5e40b2eb1eed10f06b3",
    "https://esm.sh/@supabase/supabase-js@2.98.0/denonext/supabase-js.mjs": "50d9cef74b1e27d0536344733e386089230db8c89d2a2918a1c882a1b3262b2e",
    "https://esm.sh/hyparquet@1.10.4/denonext/hyparquet.bundle.mjs": "ca98cff71c3625e1d7cd69888eb2a4f28070cb1acc6ed80cf502f3f88f287473",
    "https://esm.sh/hyparquet@1.10.4?bundle": "ebe0e159eae62c4e1a27d11ea0d0340a31c904a555fd0aea610a639c2ccfe6e7",
    "https://esm.sh/iceberg-js@0.8.1/denonext/iceberg-js.mjs": "d839d81a2e3966500ca2cdd0c1cb458e9608bacfc91f7bb67a69b2e878dcdb4f",
    "https://esm.sh/iceberg-js@0.8.1?target=denonext": "58c849d7fe2bf4eca4a84eb501e83c161a7d8c34ca1bec15a962b3bec3062633",
    "https://esm.sh/parquet-wasm@0.7.1/denonext/parquet-wasm.bundle.mjs": "23ba46645df1cd420ec8c38fbb001a7c0954a09216e11e4dad98c6b0388c25e3",
    "https://esm.sh/parquet-wasm@0.7.1?bundle": "2c71ac167592f3ca813e0c7daee6a11a537d296263b3dd21b507e62dcad63af1",
    "https://esm.sh/pdfjs-dist@4.0.379/build/pdf.mjs": "f32cde436585c8bcc5dc6eda48a7691fa22f703c0edef4b2b71c4b504bd9e918",
    "https://esm.sh/pmtiles@3.2.0/denonext/pmtiles.bundle.mjs": "23213c1dfae6b870aa304cd38278eb4a4d73a9b1f4faf7d7265ab47ff54c208d",
    "https://esm.sh/pmtiles@3.2.0?bundle": "2c2204416fa03ebd178b0034aed0d758da6e0acc2041a69f90dc2fb6576c5918",
    "https://esm.sh/tslib@2.8.1/denonext/tslib.mjs": "c38da5dd6da6281964435002ce204cd586634fe3bdfb24a0ee116f48cf3292e9"
  },
  "workspace": {
    "packageJson": {
      "dependencies": [
        "npm:@apple/app-store-server-library@2",
        "npm:@react-three/drei@^9.122.0",
        "npm:@react-three/fiber@^8.18.0",
        "npm:@stripe/react-stripe-js@^2.9.0",
        "npm:@stripe/stripe-js@^4.10.0",
        "npm:@supabase/ssr@0.8",
        "npm:@supabase/supabase-js@^2.43.1",
        "npm:@types/node@20.19.27",
        "npm:@types/pg@^8.16.0",
        "npm:@types/react-dom@^18.2.17",
        "npm:@types/react@^18.2.46",
        "npm:autoprefixer@^10.4.16",
        "npm:clsx@^2.1.0",
        "npm:date-fns-tz@2",
        "npm:date-fns@^2.30.0",
        "npm:dotenv@^16.3.1",
        "npm:eslint-config-next@14.2.35",
        "npm:eslint@8.57.1",
        "npm:framer-motion@^12.24.0",
        "npm:google-auth-library@^10.6.1",
        "npm:next-safe-action@^5.0.2",
        "npm:next@^14.2.35",
        "npm:pdfjs-dist@^4.0.379",
        "npm:pg@^8.11.3",
        "npm:postcss@^8.4.32",
        "npm:prettier@^3.1.1",
        "npm:react-dom@^18.2.0",
        "npm:react-globe.gl@^2.37.0",
        "npm:react@^18.2.0",
        "npm:sharp@~0.33.2",
        "npm:stripe@^14.6.0",
        "npm:tailwindcss@^3.4.1",
        "npm:three@0.182",
        "npm:ts-node@^10.9.2",
        "npm:tsconfig-paths@^4.2.0",
        "npm:tsx@4.21.0",
        "npm:turbo@2.8.14",
        "npm:typescript@5.9.3",
        "npm:zod@^3.22.4"
      ],
      "overrides": {
        "@next/eslint-plugin-next": {
          "glob": "10.5.0"
        }
      }
    },
    "members": {
      "apps/mobile": {
        "packageJson": {
          "dependencies": [
            "npm:@react-navigation/native@^7.1.28",
            "npm:@tanstack/react-query@^5.90.21",
            "npm:@tminuszero/api-client@0.0.0",
            "npm:@tminuszero/contracts@0.0.0",
            "npm:@tminuszero/design-tokens@0.0.0",
            "npm:@tminuszero/domain@0.0.0",
            "npm:@tminuszero/launch-animations@*",
            "npm:@tminuszero/navigation@0.0.0",
            "npm:@tminuszero/query@0.0.0",
            "npm:@types/react@~19.2.2",
            "npm:detox@^20.47.0",
            "npm:expo-apple-authentication@~55.0.9",
            "npm:expo-application@^55.0.8",
            "npm:expo-build-properties@^55.0.9",
            "npm:expo-constants@~55.0.7",
            "npm:expo-crypto@~55.0.10",
            "npm:expo-dev-client@^55.0.11",
            "npm:expo-device@^55.0.9",
            "npm:expo-iap@^3.4.9",
            "npm:expo-linking@~55.0.7",
            "npm:expo-location@~55.1.8",
            "npm:expo-notifications@^55.0.11",
            "npm:expo-router@~55.0.4",
            "npm:expo-secure-store@~55.0.8",
            "npm:expo-splash-screen@~55.0.10",
            "npm:expo-status-bar@~55.0.4",
            "npm:expo-web-browser@~55.0.9",
            "npm:expo@~55.0.5",
            "npm:jest@^30.2.0",
            "npm:react-dom@19.2.0",
            "npm:react-native-reanimated@4.2.1",
            "npm:react-native-safe-area-context@~5.6.2",
            "npm:react-native-screens@4.23",
            "npm:react-native-web@0.21",
            "npm:react-native@0.83.2",
            "npm:react@19.2.0",
            "npm:typescript@5.9.3"
          ]
        }
      },
      "apps/web": {
        "packageJson": {
          "dependencies": [
            "npm:@tminuszero/launch-animations@*"
          ]
        }
      },
      "packages/api-client": {
        "packageJson": {
          "dependencies": [
            "npm:@tminuszero/contracts@0.0.0"
          ]
        }
      },
      "packages/contracts": {
        "packageJson": {
          "dependencies": [
            "npm:zod@^3.22.4"
          ]
        }
      },
      "packages/domain": {
        "packageJson": {
          "dependencies": [
            "npm:@tminuszero/contracts@*"
          ]
        }
      },
      "packages/launch-detail-ui": {
        "packageJson": {
          "dependencies": [
            "npm:@tminuszero/contracts@*",
            "npm:@tminuszero/design-tokens@*",
            "npm:@tminuszero/domain@*"
          ]
        }
      },
      "packages/query": {
        "packageJson": {
          "dependencies": [
            "npm:@tanstack/react-query@^5.90.21"
          ]
        }
      }
    }
  }
}
